<?xml version="1.0" encoding="utf-8"?>
<Project ToolsVersion="4.0" xmlns="http://schemas.microsoft.com/developer/msbuild/2003">
  <ItemGroup>
    <Filter Include="SourceFile">
      <UniqueIdentifier>{71590735-c1db-459d-9759-7b3f52d00992}</UniqueIdentifier>
    </Filter>
    <Filter Include="HeaderFile">
      <UniqueIdentifier>{938e2ab8-cad4-4782-8720-87677515d6ad}</UniqueIdentifier>
    </Filter>
    <Filter Include="HeaderFile\CatGameLib">
      <UniqueIdentifier>{dd1a2080-3858-401f-9f00-5d649c31d9cf}</UniqueIdentifier>
    </Filter>
    <Filter Include="SourceFile\CatGameLib">
      <UniqueIdentifier>{57a3790b-03cd-4765-9935-91eefb42dd4c}</UniqueIdentifier>
    </Filter>
    <Filter Include="ShaderFile">
      <UniqueIdentifier>{683666ef-2823-4254-af37-e0f79e5bf58d}</UniqueIdentifier>
    </Filter>
    <Filter Include="HeaderFile\Scene">
      <UniqueIdentifier>{91fdc47c-cc69-4a95-8622-e4d11b88924d}</UniqueIdentifier>
    </Filter>
    <Filter Include="SourceFile\Scene">
      <UniqueIdentifier>{e1b06999-80b6-4661-9904-f8c62b00fe13}</UniqueIdentifier>
    </Filter>
    <Filter Include="SourceFile\Game">
      <UniqueIdentifier>{b96f6d97-ef54-41e7-995d-ec4a6c18680f}</UniqueIdentifier>
    </Filter>
    <Filter Include="HeaderFile\Game">
      <UniqueIdentifier>{89677d0c-3769-4eb7-a1ac-f7701274ef56}</UniqueIdentifier>
    </Filter>
  </ItemGroup>
  <ItemGroup>
    <ClCompile Include="SourceFile\main.cpp">
      <Filter>SourceFile</Filter>
    </ClCompile>
    <ClCompile Include="SourceFile\CatGameLib\LibMain.cpp">
      <Filter>SourceFile\CatGameLib</Filter>
    </ClCompile>
    <ClCompile Include="SourceFile\CatGameLib\LibShader.cpp">
      <Filter>SourceFile\CatGameLib</Filter>
    </ClCompile>
    <ClCompile Include="SourceFile\CatGameLib\LibSprite.cpp">
      <Filter>SourceFile\CatGameLib</Filter>
    </ClCompile>
    <ClCompile Include="SourceFile\CatGameLib\LibCircle.cpp">
      <Filter>SourceFile\CatGameLib</Filter>
    </ClCompile>
    <ClCompile Include="SourceFile\CatGameLib\LibBasicFunc.cpp">
      <Filter>SourceFile\CatGameLib</Filter>
    </ClCompile>
    <ClCompile Include="SourceFile\scene\SceneManager.cpp">
      <Filter>SourceFile\Scene</Filter>
    </ClCompile>
    <ClCompile Include="SourceFile\CatGameLib\LibSound.cpp">
      <Filter>SourceFile\CatGameLib</Filter>
    </ClCompile>
    <ClCompile Include="SourceFile\scene\Scene.cpp">
      <Filter>SourceFile\Scene</Filter>
    </ClCompile>
    <ClCompile Include="SourceFile\scene\Title.cpp">
      <Filter>SourceFile\Scene</Filter>
    </ClCompile>
    <ClCompile Include="SourceFile\Scene\Game.cpp">
      <Filter>SourceFile\Scene</Filter>
    </ClCompile>
    <ClCompile Include="SourceFile\CatGameLib\LibInput.cpp">
      <Filter>SourceFile\CatGameLib</Filter>
    </ClCompile>
    <ClCompile Include="SourceFile\CatGameLib\LibSprites.cpp">
      <Filter>SourceFile\CatGameLib</Filter>
    </ClCompile>
    <ClCompile Include="SourceFile\Game\Map.cpp">
      <Filter>SourceFile\Game</Filter>
    </ClCompile>
    <ClCompile Include="SourceFile\Scene\Stageselect.cpp">
      <Filter>SourceFile\Scene</Filter>
    </ClCompile>
    <ClCompile Include="SourceFile\Game\SpriteManager.cpp">
      <Filter>SourceFile\Game</Filter>
    </ClCompile>
    <ClCompile Include="SourceFile\Scene\Edit.cpp">
      <Filter>SourceFile\Scene</Filter>
    </ClCompile>
    <ClCompile Include="SourceFile\CatGameLib\LibString.cpp">
      <Filter>SourceFile\CatGameLib</Filter>
    </ClCompile>
  </ItemGroup>
  <ItemGroup>
    <ClInclude Include="SourceFile\CatGameLib\LibMain.h">
      <Filter>HeaderFile\CatGameLib</Filter>
    </ClInclude>
    <ClInclude Include="SourceFile\CatGameLib\LibDebug.h">
      <Filter>HeaderFile\CatGameLib</Filter>
    </ClInclude>
    <ClInclude Include="SourceFile\CatGameLib\LibShader.h">
      <Filter>HeaderFile\CatGameLib</Filter>
    </ClInclude>
    <ClInclude Include="SourceFile\CatGameLib\ExternalLib.h">
      <Filter>HeaderFile\CatGameLib</Filter>
    </ClInclude>
    <ClInclude Include="SourceFile\CatGameLib\CatGameLib.h">
      <Filter>HeaderFile\CatGameLib</Filter>
    </ClInclude>
    <ClInclude Include="SourceFile\CatGameLib\LibSprite.h">
      <Filter>HeaderFile\CatGameLib</Filter>
    </ClInclude>
    <ClInclude Include="SourceFile\CatGameLib\LibVector2.h">
      <Filter>HeaderFile\CatGameLib</Filter>
    </ClInclude>
    <ClInclude Include="SourceFile\CatGameLib\LibCircle.h">
      <Filter>HeaderFile\CatGameLib</Filter>
    </ClInclude>
    <ClInclude Include="SourceFile\CatGameLib\LibBasicFunc.h">
      <Filter>HeaderFile\CatGameLib</Filter>
    </ClInclude>
    <ClInclude Include="SourceFile\scene\SceneManager.h">
      <Filter>HeaderFile\Scene</Filter>
    </ClInclude>
    <ClInclude Include="SourceFile\scene\Title.h">
      <Filter>HeaderFile\Scene</Filter>
    </ClInclude>
    <ClInclude Include="SourceFile\CatGameLib\LibSound.h">
      <Filter>HeaderFile\CatGameLib</Filter>
    </ClInclude>
    <ClInclude Include="SourceFile\scene\Scene.h">
      <Filter>HeaderFile\Scene</Filter>
    </ClInclude>
    <ClInclude Include="SourceFile\Scene\Game.h">
      <Filter>HeaderFile\Scene</Filter>
    </ClInclude>
    <ClInclude Include="SourceFile\CatGameLib\LibInput.h">
      <Filter>HeaderFile\CatGameLib</Filter>
    </ClInclude>
    <ClInclude Include="SourceFile\CatGameLib\LibSprites.h">
      <Filter>HeaderFile\CatGameLib</Filter>
    </ClInclude>
    <ClInclude Include="SourceFile\Scene\Stageselect.h">
      <Filter>HeaderFile\Scene</Filter>
    </ClInclude>
    <ClInclude Include="SourceFile\Game\Map.h">
      <Filter>HeaderFile\Game</Filter>
    </ClInclude>
    <ClInclude Include="SourceFile\Game\SpriteManager.h">
      <Filter>HeaderFile\Game</Filter>
    </ClInclude>
    <ClInclude Include="SourceFile\Scene\Edit.h">
      <Filter>HeaderFile\Scene</Filter>
    </ClInclude>
    <ClInclude Include="SourceFile\CatGameLib\LibString.h">
      <Filter>HeaderFile\CatGameLib</Filter>
    </ClInclude>
  </ItemGroup>
  <ItemGroup>
    <None Include="ShaderFile\Basic.fsh">
      <Filter>ShaderFile</Filter>
    </None>
    <None Include="ShaderFile\Basic.vsh">
      <Filter>ShaderFile</Filter>
    </None>
  </ItemGroup>
</Project>